
Microsoft Visual Studio Solution File, Format Version 12.00
# Visual Studio Version 16
VisualStudioVersion = 16.0.32929.386
MinimumVisualStudioVersion = 10.0.40219.1
Project("{FAE04EC0-301F-11D3-BF4B-00C04F79EFBC}") = "AssignmentFive", "AssignmentFive\AssignmentFive.csproj", "{699E437F-FA0E-44A0-AF17-24962B320735}"
EndProject
Global
	GlobalSection(SolutionConfigurationPlatforms) = preSolution
		Debug|Any CPU = Debug|Any CPU
		Release|Any CPU = Release|Any CPU
	EndGlobalSection
	GlobalSection(ProjectConfigurationPlatforms) = postSolution
		{699E437F-FA0E-44A0-AF17-24962B320735}.Debug|Any CPU.ActiveCfg = Debug|Any CPU
		{699E437F-FA0E-44A0-AF17-24962B320735}.Debug|Any CPU.Build.0 = Debug|Any CPU
		{699E437F-FA0E-44A0-AF17-24962B320735}.Release|Any CPU.ActiveCfg = Release|Any CPU
		{699E437F-FA0E-44A0-AF17-24962B320735}.Release|Any CPU.Build.0 = Release|Any CPU
	EndGlobalSection
	GlobalSection(SolutionProperties) = preSolution
		HideSolutionNode = FALSE
	EndGlobalSection
	GlobalSection(ExtensibilityGlobals) = postSolution
		SolutionGuid = {60B00891-4303-4C09-908B-F2D2AD327661}
	EndGlobalSection
EndGlobal
